<?xml version="1.0" encoding="utf-8"?>
<Project ToolsVersion="4.0" xmlns="http://schemas.microsoft.com/developer/msbuild/2003">
  <ItemGroup>
    <ClCompile Include="main.cpp" />
    <ClCompile Include="EditorManager.cpp" />
    <ClCompile Include="FileAction.cpp" />
    <ClCompile Include="Table.cpp" />
    <ClCompile Include="FileExport.cpp" />
    <ClCompile Include="FileDataLoad.cpp" />
    <ClCompile Include="FileImageLoad.cpp" />
    <ClCompile Include="FileDataSave.cpp" />
  </ItemGroup>
  <ItemGroup>
    <ClInclude Include="EditorManager.h" />
    <ClInclude Include="FileAction.h" />
    <ClInclude Include="Table.h" />
    <ClInclude Include="const.h" />
    <ClInclude Include="FileExport.h" />
    <ClInclude Include="FileDataLoad.h" />
    <ClInclude Include="FileImageLoad.h" />
    <ClInclude Include="FileDataSave.h" />
  </ItemGroup>
</Project>