<?xml version="1.0" encoding="utf-8"?>
<Project ToolsVersion="4.0" xmlns="http://schemas.microsoft.com/developer/msbuild/2003">
  <ItemGroup>
    <ClCompile Include="main.cpp" />
    <ClCompile Include="EditorManager.cpp" />
    <ClCompile Include="Table.cpp" />
    <ClCompile Include="FileAction.cpp">
      <Filter>FileAction</Filter>
    </ClCompile>
    <ClCompile Include="FileDataLoad.cpp">
      <Filter>FileAction</Filter>
    </ClCompile>
    <ClCompile Include="FileDataSave.cpp">
      <Filter>FileAction</Filter>
    </ClCompile>
    <ClCompile Include="FileExport.cpp">
      <Filter>FileAction</Filter>
    </ClCompile>
    <ClCompile Include="FileImageLoad.cpp">
      <Filter>FileAction</Filter>
    </ClCompile>
  </ItemGroup>
  <ItemGroup>
    <ClInclude Include="EditorManager.h" />
    <ClInclude Include="Table.h" />
    <ClInclude Include="const.h" />
    <ClInclude Include="FileAction.h">
      <Filter>FileAction</Filter>
    </ClInclude>
    <ClInclude Include="FileDataLoad.h">
      <Filter>FileAction</Filter>
    </ClInclude>
    <ClInclude Include="FileDataSave.h">
      <Filter>FileAction</Filter>
    </ClInclude>
    <ClInclude Include="FileExport.h">
      <Filter>FileAction</Filter>
    </ClInclude>
    <ClInclude Include="FileImageLoad.h">
      <Filter>FileAction</Filter>
    </ClInclude>
  </ItemGroup>
  <ItemGroup>
    <Filter Include="FileAction">
      <UniqueIdentifier>{52bdf695-7c89-4adf-867c-79023cd1e3f3}</UniqueIdentifier>
    </Filter>
  </ItemGroup>
</Project>