
Microsoft Visual Studio Solution File, Format Version 12.00
# Visual Studio 14
VisualStudioVersion = 14.0.25420.1
MinimumVisualStudioVersion = 10.0.40219.1
Project("{8BC9CEB8-8B4A-11D0-8D11-00A0C91BC942}") = "Underground_Secret", "Underground_Secret\Underground_Secret.vcxproj", "{E389E37D-E135-4D54-885A-A9CDD5701ECA}"
EndProject
Project("{8BC9CEB8-8B4A-11D0-8D11-00A0C91BC942}") = "Foundation", "..\..\Foundation\Foundation.vcxproj", "{0EC5080B-97C6-4D13-AD7F-B571701C653D}"
EndProject
Project("{8BC9CEB8-8B4A-11D0-8D11-00A0C91BC942}") = "UG_CollisionEditor", "UG_CollisionEditor\UG_CollisionEditor.vcxproj", "{329FA90B-2AD5-485E-A0E4-CD5F4809870F}"
EndProject
Global
	GlobalSection(SolutionConfigurationPlatforms) = preSolution
		Debug|x64 = Debug|x64
		Debug|x86 = Debug|x86
		Release|x64 = Release|x64
		Release|x86 = Release|x86
	EndGlobalSection
	GlobalSection(ProjectConfigurationPlatforms) = postSolution
		{E389E37D-E135-4D54-885A-A9CDD5701ECA}.Debug|x64.ActiveCfg = Debug|x64
		{E389E37D-E135-4D54-885A-A9CDD5701ECA}.Debug|x64.Build.0 = Debug|x64
		{E389E37D-E135-4D54-885A-A9CDD5701ECA}.Debug|x86.ActiveCfg = Debug|Win32
		{E389E37D-E135-4D54-885A-A9CDD5701ECA}.Debug|x86.Build.0 = Debug|Win32
		{E389E37D-E135-4D54-885A-A9CDD5701ECA}.Release|x64.ActiveCfg = Release|x64
		{E389E37D-E135-4D54-885A-A9CDD5701ECA}.Release|x64.Build.0 = Release|x64
		{E389E37D-E135-4D54-885A-A9CDD5701ECA}.Release|x86.ActiveCfg = Release|Win32
		{E389E37D-E135-4D54-885A-A9CDD5701ECA}.Release|x86.Build.0 = Release|Win32
		{0EC5080B-97C6-4D13-AD7F-B571701C653D}.Debug|x64.ActiveCfg = Debug|x64
		{0EC5080B-97C6-4D13-AD7F-B571701C653D}.Debug|x64.Build.0 = Debug|x64
		{0EC5080B-97C6-4D13-AD7F-B571701C653D}.Debug|x86.ActiveCfg = Debug|Win32
		{0EC5080B-97C6-4D13-AD7F-B571701C653D}.Debug|x86.Build.0 = Debug|Win32
		{0EC5080B-97C6-4D13-AD7F-B571701C653D}.Release|x64.ActiveCfg = Release|x64
		{0EC5080B-97C6-4D13-AD7F-B571701C653D}.Release|x64.Build.0 = Release|x64
		{0EC5080B-97C6-4D13-AD7F-B571701C653D}.Release|x86.ActiveCfg = Release|Win32
		{0EC5080B-97C6-4D13-AD7F-B571701C653D}.Release|x86.Build.0 = Release|Win32
		{329FA90B-2AD5-485E-A0E4-CD5F4809870F}.Debug|x64.ActiveCfg = Debug|x64
		{329FA90B-2AD5-485E-A0E4-CD5F4809870F}.Debug|x64.Build.0 = Debug|x64
		{329FA90B-2AD5-485E-A0E4-CD5F4809870F}.Debug|x86.ActiveCfg = Debug|Win32
		{329FA90B-2AD5-485E-A0E4-CD5F4809870F}.Debug|x86.Build.0 = Debug|Win32
		{329FA90B-2AD5-485E-A0E4-CD5F4809870F}.Release|x64.ActiveCfg = Release|x64
		{329FA90B-2AD5-485E-A0E4-CD5F4809870F}.Release|x64.Build.0 = Release|x64
		{329FA90B-2AD5-485E-A0E4-CD5F4809870F}.Release|x86.ActiveCfg = Release|Win32
		{329FA90B-2AD5-485E-A0E4-CD5F4809870F}.Release|x86.Build.0 = Release|Win32
	EndGlobalSection
	GlobalSection(SolutionProperties) = preSolution
		HideSolutionNode = FALSE
	EndGlobalSection
EndGlobal
