<?xml version="1.0" encoding="utf-8"?>
<Project ToolsVersion="4.0" xmlns="http://schemas.microsoft.com/developer/msbuild/2003">
  <ItemGroup>
    <ClCompile Include="Debug.cpp" />
    <ClCompile Include="main.cpp" />
    <ClCompile Include="Button.cpp">
      <Filter>UI</Filter>
    </ClCompile>
    <ClCompile Include="Character.cpp">
      <Filter>Character</Filter>
    </ClCompile>
    <ClCompile Include="CharaDummy.cpp">
      <Filter>Character</Filter>
    </ClCompile>
    <ClCompile Include="CharacterManager.cpp">
      <Filter>Character\Manager</Filter>
    </ClCompile>
    <ClCompile Include="Map.cpp">
      <Filter>Map</Filter>
    </ClCompile>
    <ClCompile Include="Phase.cpp">
      <Filter>Phase</Filter>
    </ClCompile>
    <ClCompile Include="PhaseEnd.cpp">
      <Filter>Phase</Filter>
    </ClCompile>
    <ClCompile Include="PhasePlay.cpp">
      <Filter>Phase</Filter>
    </ClCompile>
    <ClCompile Include="PhaseStart.cpp">
      <Filter>Phase</Filter>
    </ClCompile>
    <ClCompile Include="Scene.cpp">
      <Filter>Scene</Filter>
    </ClCompile>
    <ClCompile Include="SceneGame.cpp">
      <Filter>Scene</Filter>
    </ClCompile>
    <ClCompile Include="SceneStageSelect.cpp">
      <Filter>Scene</Filter>
    </ClCompile>
    <ClCompile Include="SceneTitle.cpp">
      <Filter>Scene</Filter>
    </ClCompile>
    <ClCompile Include="Elevator.cpp">
      <Filter>Map</Filter>
    </ClCompile>
    <ClCompile Include="SpecialElevator.cpp">
      <Filter>Map</Filter>
    </ClCompile>
    <ClCompile Include="SpecialScroll.cpp">
      <Filter>Map</Filter>
    </ClCompile>
    <ClCompile Include="Shutter.cpp">
      <Filter>Map</Filter>
    </ClCompile>
    <ClCompile Include="Scroll.cpp">
      <Filter>Map</Filter>
    </ClCompile>
    <ClCompile Include="Profiling.cpp">
      <Filter>UI</Filter>
    </ClCompile>
    <ClCompile Include="CharaMan1.cpp">
      <Filter>Character</Filter>
    </ClCompile>
    <ClCompile Include="CharaMan2.cpp">
      <Filter>Character</Filter>
    </ClCompile>
    <ClCompile Include="CharaMan3.cpp">
      <Filter>Character</Filter>
    </ClCompile>
    <ClCompile Include="CharaWoman1.cpp">
      <Filter>Character</Filter>
    </ClCompile>
    <ClCompile Include="CharaWoman2.cpp">
      <Filter>Character</Filter>
    </ClCompile>
    <ClCompile Include="CharaWoman3.cpp">
      <Filter>Character</Filter>
    </ClCompile>
    <ClCompile Include="Infomation.cpp">
      <Filter>Character</Filter>
    </ClCompile>
    <ClCompile Include="SceneManager.cpp">
      <Filter>Scene\Manager</Filter>
    </ClCompile>
  </ItemGroup>
  <ItemGroup>
    <ClInclude Include="const.h" />
    <ClInclude Include="Debug.h" />
    <ClInclude Include="Button.h">
      <Filter>UI</Filter>
    </ClInclude>
    <ClInclude Include="Character.h">
      <Filter>Character</Filter>
    </ClInclude>
    <ClInclude Include="CharaDummy.h">
      <Filter>Character</Filter>
    </ClInclude>
    <ClInclude Include="CharacterManager.h">
      <Filter>Character\Manager</Filter>
    </ClInclude>
    <ClInclude Include="Map.h">
      <Filter>Map</Filter>
    </ClInclude>
    <ClInclude Include="Phase.h">
      <Filter>Phase</Filter>
    </ClInclude>
    <ClInclude Include="PhaseEnd.h">
      <Filter>Phase</Filter>
    </ClInclude>
    <ClInclude Include="PhasePlay.h">
      <Filter>Phase</Filter>
    </ClInclude>
    <ClInclude Include="PhaseStart.h">
      <Filter>Phase</Filter>
    </ClInclude>
    <ClInclude Include="Scene.h">
      <Filter>Scene</Filter>
    </ClInclude>
    <ClInclude Include="SceneGame.h">
      <Filter>Scene</Filter>
    </ClInclude>
    <ClInclude Include="SceneStageSelect.h">
      <Filter>Scene</Filter>
    </ClInclude>
    <ClInclude Include="SceneTitle.h">
      <Filter>Scene</Filter>
    </ClInclude>
    <ClInclude Include="Elevator.h">
      <Filter>Map</Filter>
    </ClInclude>
    <ClInclude Include="SpecialElevator.h">
      <Filter>Map</Filter>
    </ClInclude>
    <ClInclude Include="SpecialScroll.h">
      <Filter>Map</Filter>
    </ClInclude>
    <ClInclude Include="Shutter.h">
      <Filter>Map</Filter>
    </ClInclude>
    <ClInclude Include="Scroll.h">
      <Filter>Map</Filter>
    </ClInclude>
    <ClInclude Include="Profiling.h">
      <Filter>UI</Filter>
    </ClInclude>
    <ClInclude Include="CharaMan1.h">
      <Filter>Character</Filter>
    </ClInclude>
    <ClInclude Include="CharaMan2.h">
      <Filter>Character</Filter>
    </ClInclude>
    <ClInclude Include="CharaMan3.h">
      <Filter>Character</Filter>
    </ClInclude>
    <ClInclude Include="CharaWoman1.h">
      <Filter>Character</Filter>
    </ClInclude>
    <ClInclude Include="CharaWoman2.h">
      <Filter>Character</Filter>
    </ClInclude>
    <ClInclude Include="CharaWoman3.h">
      <Filter>Character</Filter>
    </ClInclude>
    <ClInclude Include="Infomation.h">
      <Filter>Character</Filter>
    </ClInclude>
    <ClInclude Include="SceneManager.h">
      <Filter>Scene\Manager</Filter>
    </ClInclude>
  </ItemGroup>
  <ItemGroup>
    <Filter Include="UI">
      <UniqueIdentifier>{12c522ed-e2d5-4c4a-a1ed-e247b0b3a86c}</UniqueIdentifier>
    </Filter>
    <Filter Include="Character">
      <UniqueIdentifier>{b6649e78-a1d3-41a0-882c-41e6837ef1d3}</UniqueIdentifier>
    </Filter>
    <Filter Include="Scene">
      <UniqueIdentifier>{89e8a346-5a62-463e-bee1-69eb0ba004f4}</UniqueIdentifier>
    </Filter>
    <Filter Include="Phase">
      <UniqueIdentifier>{fd32b4fb-defe-4a12-aad4-68cbf8f53fd2}</UniqueIdentifier>
    </Filter>
    <Filter Include="Map">
      <UniqueIdentifier>{3446da6f-33b5-4916-81fb-ca5e94b72a5b}</UniqueIdentifier>
    </Filter>
    <Filter Include="Character\Manager">
      <UniqueIdentifier>{0bdbfa25-d8bf-4164-93fb-ded890384678}</UniqueIdentifier>
    </Filter>
    <Filter Include="Scene\Manager">
      <UniqueIdentifier>{da656ab8-5ade-4162-8067-634c39269b07}</UniqueIdentifier>
    </Filter>
  </ItemGroup>
</Project>