<?xml version="1.0" encoding="utf-8"?>
<Project ToolsVersion="4.0" xmlns="http://schemas.microsoft.com/developer/msbuild/2003">
  <ItemGroup>
    <ClCompile Include="main.cpp" />
    <ClCompile Include="SceneManager.cpp">
      <Filter>Scene\Manager</Filter>
    </ClCompile>
    <ClCompile Include="Scene.cpp">
      <Filter>Scene</Filter>
    </ClCompile>
    <ClCompile Include="SceneGame.cpp">
      <Filter>Scene</Filter>
    </ClCompile>
    <ClCompile Include="SceneTitle.cpp">
      <Filter>Scene</Filter>
    </ClCompile>
    <ClCompile Include="SceneStageSelect.cpp">
      <Filter>Scene</Filter>
    </ClCompile>
    <ClCompile Include="CharacterManager.cpp">
      <Filter>Character\CharacterManager</Filter>
    </ClCompile>
    <ClCompile Include="Map.cpp">
      <Filter>Map</Filter>
    </ClCompile>
    <ClCompile Include="Phase.cpp">
      <Filter>Phase</Filter>
    </ClCompile>
    <ClCompile Include="Character.cpp">
      <Filter>Character</Filter>
    </ClCompile>
    <ClCompile Include="CharaDummy.cpp">
      <Filter>Character</Filter>
    </ClCompile>
    <ClCompile Include="Debug.cpp" />
    <ClCompile Include="Infomation.cpp">
      <Filter>Character</Filter>
    </ClCompile>
    <ClCompile Include="Shutter.cpp">
      <Filter>Map</Filter>
    </ClCompile>
    <ClCompile Include="PhaseStart.cpp">
      <Filter>Phase\PhaseStart</Filter>
    </ClCompile>
    <ClCompile Include="PhasePlay.cpp">
      <Filter>Phase\PhasePlay</Filter>
    </ClCompile>
    <ClCompile Include="PhaseEnd.cpp">
      <Filter>Phase\PhaseEnd</Filter>
    </ClCompile>
    <ClCompile Include="Profiling.cpp" />
    <ClCompile Include="Elevator.cpp">
      <Filter>Map</Filter>
    </ClCompile>
    <ClCompile Include="Button.cpp">
      <Filter>UI</Filter>
    </ClCompile>
    <ClCompile Include="Man1.cpp">
      <Filter>Character</Filter>
    </ClCompile>
    <ClCompile Include="Woman2.cpp">
      <Filter>Character</Filter>
    </ClCompile>
    <ClCompile Include="Scroll.cpp">
      <Filter>Phase</Filter>
    </ClCompile>
    <ClCompile Include="SpecialScroll.cpp" />
    <ClCompile Include="SpecialElevator.cpp" />
  </ItemGroup>
  <ItemGroup>
    <ClInclude Include="const.h" />
    <ClInclude Include="SceneManager.h">
      <Filter>Scene\Manager</Filter>
    </ClInclude>
    <ClInclude Include="Scene.h">
      <Filter>Scene</Filter>
    </ClInclude>
    <ClInclude Include="SceneGame.h">
      <Filter>Scene</Filter>
    </ClInclude>
    <ClInclude Include="SceneTitle.h">
      <Filter>Scene</Filter>
    </ClInclude>
    <ClInclude Include="SceneStageSelect.h">
      <Filter>Scene</Filter>
    </ClInclude>
    <ClInclude Include="CharacterManager.h">
      <Filter>Character\CharacterManager</Filter>
    </ClInclude>
    <ClInclude Include="Map.h">
      <Filter>Map</Filter>
    </ClInclude>
    <ClInclude Include="Phase.h">
      <Filter>Phase</Filter>
    </ClInclude>
    <ClInclude Include="Character.h">
      <Filter>Character</Filter>
    </ClInclude>
    <ClInclude Include="CharaDummy.h">
      <Filter>Character</Filter>
    </ClInclude>
    <ClInclude Include="Debug.h" />
    <ClInclude Include="Infomation.h">
      <Filter>Character</Filter>
    </ClInclude>
    <ClInclude Include="Shutter.h">
      <Filter>Map</Filter>
    </ClInclude>
    <ClInclude Include="PhaseStart.h">
      <Filter>Phase\PhaseStart</Filter>
    </ClInclude>
    <ClInclude Include="PhasePlay.h">
      <Filter>Phase\PhasePlay</Filter>
    </ClInclude>
    <ClInclude Include="PhaseEnd.h">
      <Filter>Phase\PhaseEnd</Filter>
    </ClInclude>
    <ClInclude Include="Profiling.h" />
    <ClInclude Include="Elevator.h">
      <Filter>Map</Filter>
    </ClInclude>
    <ClInclude Include="Button.h">
      <Filter>UI</Filter>
    </ClInclude>
    <ClInclude Include="Man1.h">
      <Filter>Character</Filter>
    </ClInclude>
    <ClInclude Include="Woman2.h">
      <Filter>Character</Filter>
    </ClInclude>
    <ClInclude Include="Scroll.h">
      <Filter>Phase</Filter>
    </ClInclude>
    <ClInclude Include="SpecialScroll.h" />
    <ClInclude Include="SpecialElevator.h" />
  </ItemGroup>
  <ItemGroup>
    <Filter Include="Scene">
      <UniqueIdentifier>{db8e096b-334e-4a32-a844-ab376f2b18bf}</UniqueIdentifier>
    </Filter>
    <Filter Include="Scene\Manager">
      <UniqueIdentifier>{96db6dd5-2d33-4580-b79b-57bef21f56ea}</UniqueIdentifier>
    </Filter>
    <Filter Include="Map">
      <UniqueIdentifier>{8598baa5-90be-4553-be75-66c2860f6b68}</UniqueIdentifier>
    </Filter>
    <Filter Include="Phase">
      <UniqueIdentifier>{6a4ed4af-88a7-4541-9834-4c5aba043adc}</UniqueIdentifier>
    </Filter>
    <Filter Include="Phase\PhaseStart">
      <UniqueIdentifier>{9381ae53-71ba-4edc-8f45-05ee24879da2}</UniqueIdentifier>
    </Filter>
    <Filter Include="Phase\PhasePlay">
      <UniqueIdentifier>{46c738d9-6f5d-471d-b074-bab3a9c3725a}</UniqueIdentifier>
    </Filter>
    <Filter Include="Character">
      <UniqueIdentifier>{ef3ffbf5-31c2-4eac-8f2d-1f738a77e508}</UniqueIdentifier>
    </Filter>
    <Filter Include="Character\CharacterManager">
      <UniqueIdentifier>{3d6a5c2f-a7ea-4258-b742-9109fad408c0}</UniqueIdentifier>
    </Filter>
    <Filter Include="Phase\PhaseEnd">
      <UniqueIdentifier>{956060c0-bb00-4444-a637-d2c85fdf110f}</UniqueIdentifier>
    </Filter>
    <Filter Include="UI">
      <UniqueIdentifier>{2c0f5c3e-feb9-4570-8630-a21b094ad396}</UniqueIdentifier>
    </Filter>
  </ItemGroup>
</Project>