<?xml version="1.0" encoding="utf-8"?>
<Project ToolsVersion="4.0" xmlns="http://schemas.microsoft.com/developer/msbuild/2003">
  <ItemGroup>
    <ClCompile Include="main.cpp" />
    <ClCompile Include="SceneManager.cpp">
      <Filter>Scene\Manager</Filter>
    </ClCompile>
    <ClCompile Include="Scene.cpp">
      <Filter>Scene</Filter>
    </ClCompile>
    <ClCompile Include="SceneGame.cpp">
      <Filter>Scene</Filter>
    </ClCompile>
    <ClCompile Include="SceneTitle.cpp">
      <Filter>Scene</Filter>
    </ClCompile>
    <ClCompile Include="SceneStageSelect.cpp">
      <Filter>Scene</Filter>
    </ClCompile>
    <ClCompile Include="CharacterManager.cpp">
      <Filter>Character\CharacterManager</Filter>
    </ClCompile>
    <ClCompile Include="Map.cpp">
      <Filter>Map</Filter>
    </ClCompile>
  </ItemGroup>
  <ItemGroup>
    <ClInclude Include="const.h" />
    <ClInclude Include="SceneManager.h">
      <Filter>Scene\Manager</Filter>
    </ClInclude>
    <ClInclude Include="Scene.h">
      <Filter>Scene</Filter>
    </ClInclude>
    <ClInclude Include="SceneGame.h">
      <Filter>Scene</Filter>
    </ClInclude>
    <ClInclude Include="SceneTitle.h">
      <Filter>Scene</Filter>
    </ClInclude>
    <ClInclude Include="SceneStageSelect.h">
      <Filter>Scene</Filter>
    </ClInclude>
    <ClInclude Include="CharacterManager.h">
      <Filter>Character\CharacterManager</Filter>
    </ClInclude>
    <ClInclude Include="Map.h">
      <Filter>Map</Filter>
    </ClInclude>
  </ItemGroup>
  <ItemGroup>
    <Filter Include="Scene">
      <UniqueIdentifier>{db8e096b-334e-4a32-a844-ab376f2b18bf}</UniqueIdentifier>
    </Filter>
    <Filter Include="Scene\Manager">
      <UniqueIdentifier>{96db6dd5-2d33-4580-b79b-57bef21f56ea}</UniqueIdentifier>
    </Filter>
    <Filter Include="Character">
      <UniqueIdentifier>{ef3ffbf5-31c2-4eac-8f2d-1f738a77e508}</UniqueIdentifier>
    </Filter>
    <Filter Include="Character\CharacterManager">
      <UniqueIdentifier>{3d6a5c2f-a7ea-4258-b742-9109fad408c0}</UniqueIdentifier>
    </Filter>
    <Filter Include="Map">
      <UniqueIdentifier>{8598baa5-90be-4553-be75-66c2860f6b68}</UniqueIdentifier>
    </Filter>
  </ItemGroup>
</Project>